// !$*UTF8*$!
{
	archiveVersion = 1;
	classes = {
	};
	objectVersion = 77;
	objects = {

/* Begin PBXBuildFile section */
		AD1436D32D9CBC9600A13929 /* ContentView.swift in Sources */ = {isa = PBXBuildFile; fileRef = AD1436D02D9CBC9600A13929 /* ContentView.swift */; };
		AD1436D42D9CBC9600A13929 /* SuccessSyncApp.swift in Sources */ = {isa = PBXBuildFile; fileRef = AD1436D12D9CBC9600A13929 /* SuccessSyncApp.swift */; };
		AD1436D52D9CBC9600A13929 /* Preview Assets.xcassets in Resources */ = {isa = PBXBuildFile; fileRef = AD1436CB2D9CBC9600A13929 /* Preview Assets.xcassets */; };
		AD1436D62D9CBC9600A13929 /* Assets.xcassets in Resources */ = {isa = PBXBuildFile; fileRef = AD1436CF2D9CBC9600A13929 /* Assets.xcassets */; };
		AD1436D82D9CBCDD00A13929 /* HomeView.swift in Sources */ = {isa = PBXBuildFile; fileRef = AD1436D72D9CBCDD00A13929 /* HomeView.swift */; };
		AD1436DA2D9CBCEC00A13929 /* HabitsView.swift in Sources */ = {isa = PBXBuildFile; fileRef = AD1436D92D9CBCEC00A13929 /* HabitsView.swift */; };
		AD1436DC2D9CBCF900A13929 /* GoalsView.swift in Sources */ = {isa = PBXBuildFile; fileRef = AD1436DB2D9CBCF900A13929 /* GoalsView.swift */; };
		AD1436E32D9CC6CD00A13929 /* DreamAsset.swift in Sources */ = {isa = PBXBuildFile; fileRef = AD1436E22D9CC6CD00A13929 /* DreamAsset.swift */; };
		AD1436E52D9CD2A100A13929 /* Asset.swift in Sources */ = {isa = PBXBuildFile; fileRef = AD1436E42D9CD2A100A13929 /* Asset.swift */; };
		AD35DEBB2DA721C3009F7A2A /* EditDreamView.swift in Sources */ = {isa = PBXBuildFile; fileRef = AD35DEBA2DA721C3009F7A2A /* EditDreamView.swift */; };
		AD35DEBD2DA72F53009F7A2A /* AddHabitView.swift in Sources */ = {isa = PBXBuildFile; fileRef = AD35DEBC2DA72F53009F7A2A /* AddHabitView.swift */; };
		AD35DEBF2DA761AD009F7A2A /* Goal.swift in Sources */ = {isa = PBXBuildFile; fileRef = AD35DEBE2DA761AD009F7A2A /* Goal.swift */; };
		AD35DEC12DA771E6009F7A2A /* AllQuotes.swift in Sources */ = {isa = PBXBuildFile; fileRef = AD35DEC02DA771E6009F7A2A /* AllQuotes.swift */; };
		AD35DF152DA887F7009F7A2A /* PopUpView.swift in Sources */ = {isa = PBXBuildFile; fileRef = AD35DF142DA887F7009F7A2A /* PopUpView.swift */; };
		AD5BDA2B2DA332F400CF1B68 /* Habit.swift in Sources */ = {isa = PBXBuildFile; fileRef = AD5BDA2A2DA332F400CF1B68 /* Habit.swift */; };
		AD5BDA2D2DA3334600CF1B68 /* SingleHabit.swift in Sources */ = {isa = PBXBuildFile; fileRef = AD5BDA2C2DA3334600CF1B68 /* SingleHabit.swift */; };
		AD5BDA332DA3460500CF1B68 /* CalendarView.swift in Sources */ = {isa = PBXBuildFile; fileRef = AD5BDA322DA3460500CF1B68 /* CalendarView.swift */; };
		AD5BDA352DA39C4F00CF1B68 /* Tangerine-Bold.ttf in Resources */ = {isa = PBXBuildFile; fileRef = AD5BDA342DA39C4F00CF1B68 /* Tangerine-Bold.ttf */; };
		AD5BDA382DA39F1600CF1B68 /* AddDreamView.swift in Sources */ = {isa = PBXBuildFile; fileRef = AD5BDA372DA39F1600CF1B68 /* AddDreamView.swift */; };
		AD5BDA3E2DA6121900CF1B68 /* Color+Extension.swift in Sources */ = {isa = PBXBuildFile; fileRef = AD5BDA3D2DA6121900CF1B68 /* Color+Extension.swift */; };
		ADA55C1C2DAB75BC0034E5C2 /* Lottie in Frameworks */ = {isa = PBXBuildFile; productRef = ADA55C1B2DAB75BC0034E5C2 /* Lottie */; };
		ADA55C1E2DAB76F30034E5C2 /* 2.json in Resources */ = {isa = PBXBuildFile; fileRef = ADA55C1D2DAB76F30034E5C2 /* 2.json */; };
		ADD19FC82DAB5F7000771974 /* Launch Screen.storyboard in Resources */ = {isa = PBXBuildFile; fileRef = ADD19FC72DAB5F7000771974 /* Launch Screen.storyboard */; };
		ADD19FD02DAB6F4B00771974 /* OnboardingView.swift in Sources */ = {isa = PBXBuildFile; fileRef = ADD19FCF2DAB6F4B00771974 /* OnboardingView.swift */; };
		ADD19FD22DAB6F5900771974 /* SingleOnboarding.swift in Sources */ = {isa = PBXBuildFile; fileRef = ADD19FD12DAB6F5900771974 /* SingleOnboarding.swift */; };
		ADD19FD42DAB6F8E00771974 /* Onboarding.swift in Sources */ = {isa = PBXBuildFile; fileRef = ADD19FD32DAB6F8E00771974 /* Onboarding.swift */; };
		ADD19FD72DAB722100771974 /* 3.json in Resources */ = {isa = PBXBuildFile; fileRef = ADD19FD62DAB722100771974 /* 3.json */; };
		ADD19FD92DAB723200771974 /* 1.json in Resources */ = {isa = PBXBuildFile; fileRef = ADD19FD82DAB723100771974 /* 1.json */; };
		D09A7BBC2DC3BB6500A4FE46 /* GoogleMobileAds in Frameworks */ = {isa = PBXBuildFile; productRef = D09A7BBB2DC3BB6500A4FE46 /* GoogleMobileAds */; };
		D09A7BBF2DC3BD1C00A4FE46 /* AppOpenAdManager.swift in Sources */ = {isa = PBXBuildFile; fileRef = D09A7BBE2DC3BD1C00A4FE46 /* AppOpenAdManager.swift */; };
		D09A7BC12DC522CB00A4FE46 /* Journal.swift in Sources */ = {isa = PBXBuildFile; fileRef = D09A7BC02DC522CB00A4FE46 /* Journal.swift */; };
		D09A7BC42DC5237B00A4FE46 /* AllJournals.swift in Sources */ = {isa = PBXBuildFile; fileRef = D09A7BC32DC5237B00A4FE46 /* AllJournals.swift */; };
		D09A7BC62DC5238A00A4FE46 /* SingleJournal.swift in Sources */ = {isa = PBXBuildFile; fileRef = D09A7BC52DC5238A00A4FE46 /* SingleJournal.swift */; };
		D09A7BC82DC53BED00A4FE46 /* 4.json in Resources */ = {isa = PBXBuildFile; fileRef = D09A7BC72DC53BED00A4FE46 /* 4.json */; };
/* End PBXBuildFile section */

/* Begin PBXCopyFilesBuildPhase section */
		ADA55C192DAB754B0034E5C2 /* Embed Frameworks */ = {
			isa = PBXCopyFilesBuildPhase;
			buildActionMask = 2147483647;
			dstPath = "";
			dstSubfolderSpec = 10;
			files = (
			);
			name = "Embed Frameworks";
			runOnlyForDeploymentPostprocessing = 0;
		};
/* End PBXCopyFilesBuildPhase section */

/* Begin PBXFileReference section */
		AD1436AD2D9C55A600A13929 /* SuccessSync.app */ = {isa = PBXFileReference; explicitFileType = wrapper.application; includeInIndex = 0; path = SuccessSync.app; sourceTree = BUILT_PRODUCTS_DIR; };
		AD1436CB2D9CBC9600A13929 /* Preview Assets.xcassets */ = {isa = PBXFileReference; lastKnownFileType = folder.assetcatalog; path = "Preview Assets.xcassets"; sourceTree = "<group>"; };
		AD1436CF2D9CBC9600A13929 /* Assets.xcassets */ = {isa = PBXFileReference; lastKnownFileType = folder.assetcatalog; path = Assets.xcassets; sourceTree = "<group>"; };
		AD1436D02D9CBC9600A13929 /* ContentView.swift */ = {isa = PBXFileReference; lastKnownFileType = sourcecode.swift; path = ContentView.swift; sourceTree = "<group>"; };
		AD1436D12D9CBC9600A13929 /* SuccessSyncApp.swift */ = {isa = PBXFileReference; lastKnownFileType = sourcecode.swift; path = SuccessSyncApp.swift; sourceTree = "<group>"; };
		AD1436D72D9CBCDD00A13929 /* HomeView.swift */ = {isa = PBXFileReference; lastKnownFileType = sourcecode.swift; path = HomeView.swift; sourceTree = "<group>"; };
		AD1436D92D9CBCEC00A13929 /* HabitsView.swift */ = {isa = PBXFileReference; lastKnownFileType = sourcecode.swift; path = HabitsView.swift; sourceTree = "<group>"; };
		AD1436DB2D9CBCF900A13929 /* GoalsView.swift */ = {isa = PBXFileReference; lastKnownFileType = sourcecode.swift; path = GoalsView.swift; sourceTree = "<group>"; };
		AD1436E22D9CC6CD00A13929 /* DreamAsset.swift */ = {isa = PBXFileReference; lastKnownFileType = sourcecode.swift; path = DreamAsset.swift; sourceTree = "<group>"; };
		AD1436E42D9CD2A100A13929 /* Asset.swift */ = {isa = PBXFileReference; lastKnownFileType = sourcecode.swift; path = Asset.swift; sourceTree = "<group>"; };
		AD35DEBA2DA721C3009F7A2A /* EditDreamView.swift */ = {isa = PBXFileReference; lastKnownFileType = sourcecode.swift; path = EditDreamView.swift; sourceTree = "<group>"; };
		AD35DEBC2DA72F53009F7A2A /* AddHabitView.swift */ = {isa = PBXFileReference; lastKnownFileType = sourcecode.swift; path = AddHabitView.swift; sourceTree = "<group>"; };
		AD35DEBE2DA761AD009F7A2A /* Goal.swift */ = {isa = PBXFileReference; lastKnownFileType = sourcecode.swift; path = Goal.swift; sourceTree = "<group>"; };
		AD35DEC02DA771E6009F7A2A /* AllQuotes.swift */ = {isa = PBXFileReference; lastKnownFileType = sourcecode.swift; path = AllQuotes.swift; sourceTree = "<group>"; };
		AD35DF142DA887F7009F7A2A /* PopUpView.swift */ = {isa = PBXFileReference; lastKnownFileType = sourcecode.swift; path = PopUpView.swift; sourceTree = "<group>"; };
		AD5BDA2A2DA332F400CF1B68 /* Habit.swift */ = {isa = PBXFileReference; lastKnownFileType = sourcecode.swift; path = Habit.swift; sourceTree = "<group>"; };
		AD5BDA2C2DA3334600CF1B68 /* SingleHabit.swift */ = {isa = PBXFileReference; lastKnownFileType = sourcecode.swift; path = SingleHabit.swift; sourceTree = "<group>"; };
		AD5BDA322DA3460500CF1B68 /* CalendarView.swift */ = {isa = PBXFileReference; lastKnownFileType = sourcecode.swift; path = CalendarView.swift; sourceTree = "<group>"; };
		AD5BDA342DA39C4F00CF1B68 /* Tangerine-Bold.ttf */ = {isa = PBXFileReference; lastKnownFileType = file; path = "Tangerine-Bold.ttf"; sourceTree = "<group>"; };
		AD5BDA362DA39C9C00CF1B68 /* Info.plist */ = {isa = PBXFileReference; lastKnownFileType = text.plist; path = Info.plist; sourceTree = "<group>"; };
		AD5BDA372DA39F1600CF1B68 /* AddDreamView.swift */ = {isa = PBXFileReference; lastKnownFileType = sourcecode.swift; path = AddDreamView.swift; sourceTree = "<group>"; };
		AD5BDA3D2DA6121900CF1B68 /* Color+Extension.swift */ = {isa = PBXFileReference; lastKnownFileType = sourcecode.swift; path = "Color+Extension.swift"; sourceTree = "<group>"; };
		ADA55C1D2DAB76F30034E5C2 /* 2.json */ = {isa = PBXFileReference; lastKnownFileType = text.json; path = 2.json; sourceTree = "<group>"; };
		ADD19FC72DAB5F7000771974 /* Launch Screen.storyboard */ = {isa = PBXFileReference; lastKnownFileType = file.storyboard; path = "Launch Screen.storyboard"; sourceTree = "<group>"; };
		ADD19FCF2DAB6F4B00771974 /* OnboardingView.swift */ = {isa = PBXFileReference; lastKnownFileType = sourcecode.swift; path = OnboardingView.swift; sourceTree = "<group>"; };
		ADD19FD12DAB6F5900771974 /* SingleOnboarding.swift */ = {isa = PBXFileReference; lastKnownFileType = sourcecode.swift; path = SingleOnboarding.swift; sourceTree = "<group>"; };
		ADD19FD32DAB6F8E00771974 /* Onboarding.swift */ = {isa = PBXFileReference; lastKnownFileType = sourcecode.swift; path = Onboarding.swift; sourceTree = "<group>"; };
		ADD19FD62DAB722100771974 /* 3.json */ = {isa = PBXFileReference; lastKnownFileType = text.json; path = 3.json; sourceTree = "<group>"; };
		ADD19FD82DAB723100771974 /* 1.json */ = {isa = PBXFileReference; lastKnownFileType = text.json; path = 1.json; sourceTree = "<group>"; };
		D09A7BBE2DC3BD1C00A4FE46 /* AppOpenAdManager.swift */ = {isa = PBXFileReference; lastKnownFileType = sourcecode.swift; path = AppOpenAdManager.swift; sourceTree = "<group>"; };
		D09A7BC02DC522CB00A4FE46 /* Journal.swift */ = {isa = PBXFileReference; lastKnownFileType = sourcecode.swift; path = Journal.swift; sourceTree = "<group>"; };
		D09A7BC32DC5237B00A4FE46 /* AllJournals.swift */ = {isa = PBXFileReference; lastKnownFileType = sourcecode.swift; path = AllJournals.swift; sourceTree = "<group>"; };
		D09A7BC52DC5238A00A4FE46 /* SingleJournal.swift */ = {isa = PBXFileReference; lastKnownFileType = sourcecode.swift; path = SingleJournal.swift; sourceTree = "<group>"; };
		D09A7BC72DC53BED00A4FE46 /* 4.json */ = {isa = PBXFileReference; lastKnownFileType = text.json; path = 4.json; sourceTree = "<group>"; };
/* End PBXFileReference section */

/* Begin PBXFrameworksBuildPhase section */
		AD1436AA2D9C55A600A13929 /* Frameworks */ = {
			isa = PBXFrameworksBuildPhase;
			buildActionMask = 2147483647;
			files = (
				D09A7BBC2DC3BB6500A4FE46 /* GoogleMobileAds in Frameworks */,
				ADA55C1C2DAB75BC0034E5C2 /* Lottie in Frameworks */,
			);
			runOnlyForDeploymentPostprocessing = 0;
		};
/* End PBXFrameworksBuildPhase section */

/* Begin PBXGroup section */
		AD1436A42D9C55A600A13929 = {
			isa = PBXGroup;
			children = (
				AD1436D22D9CBC9600A13929 /* SuccessSync */,
				AD1436AE2D9C55A600A13929 /* Products */,
			);
			sourceTree = "<group>";
		};
		AD1436AE2D9C55A600A13929 /* Products */ = {
			isa = PBXGroup;
			children = (
				AD1436AD2D9C55A600A13929 /* SuccessSync.app */,
			);
			name = Products;
			sourceTree = "<group>";
		};
		AD1436CA2D9CBC9600A13929 /* Model */ = {
			isa = PBXGroup;
			children = (
				ADD19FD32DAB6F8E00771974 /* Onboarding.swift */,
				AD1436E42D9CD2A100A13929 /* Asset.swift */,
				AD5BDA2A2DA332F400CF1B68 /* Habit.swift */,
				AD35DEBE2DA761AD009F7A2A /* Goal.swift */,
				D09A7BC02DC522CB00A4FE46 /* Journal.swift */,
				AD5BDA3D2DA6121900CF1B68 /* Color+Extension.swift */,
				AD35DEC02DA771E6009F7A2A /* AllQuotes.swift */,
			);
			path = Model;
			sourceTree = "<group>";
		};
		AD1436CC2D9CBC9600A13929 /* Preview Content */ = {
			isa = PBXGroup;
			children = (
				AD1436CB2D9CBC9600A13929 /* Preview Assets.xcassets */,
			);
			path = "Preview Content";
			sourceTree = "<group>";
		};
		AD1436CD2D9CBC9600A13929 /* View */ = {
			isa = PBXGroup;
			children = (
				ADD19FC92DAB6D3800771974 /* Onboarding */,
				AD1436E12D9CC6B800A13929 /* Home */,
				AD5BDA292DA332D800CF1B68 /* Habits */,
				AD35DF132DA887C8009F7A2A /* Goals */,
				D09A7BC22DC5234E00A4FE46 /* Journal */,
			);
			path = View;
			sourceTree = "<group>";
		};
		AD1436D22D9CBC9600A13929 /* SuccessSync */ = {
			isa = PBXGroup;
			children = (
				AD5BDA362DA39C9C00CF1B68 /* Info.plist */,
				AD5BDA342DA39C4F00CF1B68 /* Tangerine-Bold.ttf */,
				AD1436CC2D9CBC9600A13929 /* Preview Content */,
				AD1436CA2D9CBC9600A13929 /* Model */,
				AD1436CD2D9CBC9600A13929 /* View */,
				D09A7BBD2DC3BCF700A4FE46 /* Controllers */,
				AD1436CF2D9CBC9600A13929 /* Assets.xcassets */,
				ADD19FD52DAB720C00771974 /* Lotties */,
				AD1436D02D9CBC9600A13929 /* ContentView.swift */,
				AD1436D12D9CBC9600A13929 /* SuccessSyncApp.swift */,
				ADD19FC72DAB5F7000771974 /* Launch Screen.storyboard */,
			);
			path = SuccessSync;
			sourceTree = "<group>";
		};
		AD1436E12D9CC6B800A13929 /* Home */ = {
			isa = PBXGroup;
			children = (
				AD1436D72D9CBCDD00A13929 /* HomeView.swift */,
				AD1436E22D9CC6CD00A13929 /* DreamAsset.swift */,
				AD5BDA372DA39F1600CF1B68 /* AddDreamView.swift */,
				AD35DEBA2DA721C3009F7A2A /* EditDreamView.swift */,
			);
			path = Home;
			sourceTree = "<group>";
		};
		AD35DF132DA887C8009F7A2A /* Goals */ = {
			isa = PBXGroup;
			children = (
				AD1436DB2D9CBCF900A13929 /* GoalsView.swift */,
				AD35DF142DA887F7009F7A2A /* PopUpView.swift */,
			);
			path = Goals;
			sourceTree = "<group>";
		};
		AD5BDA292DA332D800CF1B68 /* Habits */ = {
			isa = PBXGroup;
			children = (
				AD1436D92D9CBCEC00A13929 /* HabitsView.swift */,
				AD5BDA2C2DA3334600CF1B68 /* SingleHabit.swift */,
				AD5BDA322DA3460500CF1B68 /* CalendarView.swift */,
				AD35DEBC2DA72F53009F7A2A /* AddHabitView.swift */,
			);
			path = Habits;
			sourceTree = "<group>";
		};
		ADD19FC92DAB6D3800771974 /* Onboarding */ = {
			isa = PBXGroup;
			children = (
				ADD19FCF2DAB6F4B00771974 /* OnboardingView.swift */,
				ADD19FD12DAB6F5900771974 /* SingleOnboarding.swift */,
			);
			path = Onboarding;
			sourceTree = "<group>";
		};
		ADD19FD52DAB720C00771974 /* Lotties */ = {
			isa = PBXGroup;
			children = (
				ADD19FD82DAB723100771974 /* 1.json */,
				ADA55C1D2DAB76F30034E5C2 /* 2.json */,
				ADD19FD62DAB722100771974 /* 3.json */,
				D09A7BC72DC53BED00A4FE46 /* 4.json */,
			);
			path = Lotties;
			sourceTree = "<group>";
		};
		D09A7BBD2DC3BCF700A4FE46 /* Controllers */ = {
			isa = PBXGroup;
			children = (
				D09A7BBE2DC3BD1C00A4FE46 /* AppOpenAdManager.swift */,
			);
			path = Controllers;
			sourceTree = "<group>";
		};
		D09A7BC22DC5234E00A4FE46 /* Journal */ = {
			isa = PBXGroup;
			children = (
				D09A7BC32DC5237B00A4FE46 /* AllJournals.swift */,
				D09A7BC52DC5238A00A4FE46 /* SingleJournal.swift */,
			);
			path = Journal;
			sourceTree = "<group>";
		};
/* End PBXGroup section */

/* Begin PBXNativeTarget section */
		AD1436AC2D9C55A600A13929 /* SuccessSync */ = {
			isa = PBXNativeTarget;
			buildConfigurationList = AD1436BB2D9C55A800A13929 /* Build configuration list for PBXNativeTarget "SuccessSync" */;
			buildPhases = (
				AD1436A92D9C55A600A13929 /* Sources */,
				AD1436AA2D9C55A600A13929 /* Frameworks */,
				AD1436AB2D9C55A600A13929 /* Resources */,
				ADA55C192DAB754B0034E5C2 /* Embed Frameworks */,
			);
			buildRules = (
			);
			dependencies = (
			);
			name = SuccessSync;
			packageProductDependencies = (
				ADA55C1B2DAB75BC0034E5C2 /* Lottie */,
				D09A7BBB2DC3BB6500A4FE46 /* GoogleMobileAds */,
			);
			productName = SuccessSync;
			productReference = AD1436AD2D9C55A600A13929 /* SuccessSync.app */;
			productType = "com.apple.product-type.application";
		};
/* End PBXNativeTarget section */

/* Begin PBXProject section */
		AD1436A52D9C55A600A13929 /* Project object */ = {
			isa = PBXProject;
			attributes = {
				BuildIndependentTargetsInParallel = 1;
				LastSwiftUpdateCheck = 1620;
				LastUpgradeCheck = 1630;
				TargetAttributes = {
					AD1436AC2D9C55A600A13929 = {
						CreatedOnToolsVersion = 16.2;
					};
				};
			};
			buildConfigurationList = AD1436A82D9C55A600A13929 /* Build configuration list for PBXProject "SuccessSync" */;
			developmentRegion = en;
			hasScannedForEncodings = 0;
			knownRegions = (
				en,
				Base,
			);
			mainGroup = AD1436A42D9C55A600A13929;
			minimizedProjectReferenceProxies = 1;
			packageReferences = (
				ADA55C1A2DAB75BC0034E5C2 /* XCRemoteSwiftPackageReference "lottie-spm" */,
				D09A7BBA2DC3BB6500A4FE46 /* XCRemoteSwiftPackageReference "swift-package-manager-google-mobile-ads" */,
			);
			preferredProjectObjectVersion = 77;
			productRefGroup = AD1436AE2D9C55A600A13929 /* Products */;
			projectDirPath = "";
			projectRoot = "";
			targets = (
				AD1436AC2D9C55A600A13929 /* SuccessSync */,
			);
		};
/* End PBXProject section */

/* Begin PBXResourcesBuildPhase section */
		AD1436AB2D9C55A600A13929 /* Resources */ = {
			isa = PBXResourcesBuildPhase;
			buildActionMask = 2147483647;
			files = (
				ADD19FD72DAB722100771974 /* 3.json in Resources */,
				ADD19FD92DAB723200771974 /* 1.json in Resources */,
				D09A7BC82DC53BED00A4FE46 /* 4.json in Resources */,
				AD1436D52D9CBC9600A13929 /* Preview Assets.xcassets in Resources */,
				AD1436D62D9CBC9600A13929 /* Assets.xcassets in Resources */,
				ADA55C1E2DAB76F30034E5C2 /* 2.json in Resources */,
				ADD19FC82DAB5F7000771974 /* Launch Screen.storyboard in Resources */,
				AD5BDA352DA39C4F00CF1B68 /* Tangerine-Bold.ttf in Resources */,
			);
			runOnlyForDeploymentPostprocessing = 0;
		};
/* End PBXResourcesBuildPhase section */

/* Begin PBXSourcesBuildPhase section */
		AD1436A92D9C55A600A13929 /* Sources */ = {
			isa = PBXSourcesBuildPhase;
			buildActionMask = 2147483647;
			files = (
				AD1436E52D9CD2A100A13929 /* Asset.swift in Sources */,
				AD5BDA3E2DA6121900CF1B68 /* Color+Extension.swift in Sources */,
				ADD19FD42DAB6F8E00771974 /* Onboarding.swift in Sources */,
				AD5BDA332DA3460500CF1B68 /* CalendarView.swift in Sources */,
				ADD19FD02DAB6F4B00771974 /* OnboardingView.swift in Sources */,
				AD5BDA2D2DA3334600CF1B68 /* SingleHabit.swift in Sources */,
				AD1436D82D9CBCDD00A13929 /* HomeView.swift in Sources */,
				D09A7BC12DC522CB00A4FE46 /* Journal.swift in Sources */,
				AD1436DC2D9CBCF900A13929 /* GoalsView.swift in Sources */,
				AD35DEBB2DA721C3009F7A2A /* EditDreamView.swift in Sources */,
				AD1436E32D9CC6CD00A13929 /* DreamAsset.swift in Sources */,
				D09A7BC62DC5238A00A4FE46 /* SingleJournal.swift in Sources */,
				AD5BDA2B2DA332F400CF1B68 /* Habit.swift in Sources */,
				AD5BDA382DA39F1600CF1B68 /* AddDreamView.swift in Sources */,
				AD1436DA2D9CBCEC00A13929 /* HabitsView.swift in Sources */,
				D09A7BC42DC5237B00A4FE46 /* AllJournals.swift in Sources */,
				AD1436D32D9CBC9600A13929 /* ContentView.swift in Sources */,
				ADD19FD22DAB6F5900771974 /* SingleOnboarding.swift in Sources */,
				D09A7BBF2DC3BD1C00A4FE46 /* AppOpenAdManager.swift in Sources */,
				AD1436D42D9CBC9600A13929 /* SuccessSyncApp.swift in Sources */,
				AD35DF152DA887F7009F7A2A /* PopUpView.swift in Sources */,
				AD35DEBF2DA761AD009F7A2A /* Goal.swift in Sources */,
				AD35DEBD2DA72F53009F7A2A /* AddHabitView.swift in Sources */,
				AD35DEC12DA771E6009F7A2A /* AllQuotes.swift in Sources */,
			);
			runOnlyForDeploymentPostprocessing = 0;
		};
/* End PBXSourcesBuildPhase section */

/* Begin XCBuildConfiguration section */
		AD1436B92D9C55A800A13929 /* Debug */ = {
			isa = XCBuildConfiguration;
			buildSettings = {
				ALWAYS_SEARCH_USER_PATHS = NO;
				ASSETCATALOG_COMPILER_GENERATE_SWIFT_ASSET_SYMBOL_EXTENSIONS = YES;
				CLANG_ANALYZER_NONNULL = YES;
				CLANG_ANALYZER_NUMBER_OBJECT_CONVERSION = YES_AGGRESSIVE;
				CLANG_CXX_LANGUAGE_STANDARD = "gnu++20";
				CLANG_ENABLE_MODULES = YES;
				CLANG_ENABLE_OBJC_ARC = YES;
				CLANG_ENABLE_OBJC_WEAK = YES;
				CLANG_WARN_BLOCK_CAPTURE_AUTORELEASING = YES;
				CLANG_WARN_BOOL_CONVERSION = YES;
				CLANG_WARN_COMMA = YES;
				CLANG_WARN_CONSTANT_CONVERSION = YES;
				CLANG_WARN_DEPRECATED_OBJC_IMPLEMENTATIONS = YES;
				CLANG_WARN_DIRECT_OBJC_ISA_USAGE = YES_ERROR;
				CLANG_WARN_DOCUMENTATION_COMMENTS = YES;
				CLANG_WARN_EMPTY_BODY = YES;
				CLANG_WARN_ENUM_CONVERSION = YES;
				CLANG_WARN_INFINITE_RECURSION = YES;
				CLANG_WARN_INT_CONVERSION = YES;
				CLANG_WARN_NON_LITERAL_NULL_CONVERSION = YES;
				CLANG_WARN_OBJC_IMPLICIT_RETAIN_SELF = YES;
				CLANG_WARN_OBJC_LITERAL_CONVERSION = YES;
				CLANG_WARN_OBJC_ROOT_CLASS = YES_ERROR;
				CLANG_WARN_QUOTED_INCLUDE_IN_FRAMEWORK_HEADER = YES;
				CLANG_WARN_RANGE_LOOP_ANALYSIS = YES;
				CLANG_WARN_STRICT_PROTOTYPES = YES;
				CLANG_WARN_SUSPICIOUS_MOVE = YES;
				CLANG_WARN_UNGUARDED_AVAILABILITY = YES_AGGRESSIVE;
				CLANG_WARN_UNREACHABLE_CODE = YES;
				CLANG_WARN__DUPLICATE_METHOD_MATCH = YES;
				COPY_PHASE_STRIP = NO;
				DEBUG_INFORMATION_FORMAT = dwarf;
				DEVELOPMENT_TEAM = HAC7HSBS8D;
				ENABLE_STRICT_OBJC_MSGSEND = YES;
				ENABLE_TESTABILITY = YES;
				ENABLE_USER_SCRIPT_SANDBOXING = YES;
				GCC_C_LANGUAGE_STANDARD = gnu17;
				GCC_DYNAMIC_NO_PIC = NO;
				GCC_NO_COMMON_BLOCKS = YES;
				GCC_OPTIMIZATION_LEVEL = 0;
				GCC_PREPROCESSOR_DEFINITIONS = (
					"DEBUG=1",
					"$(inherited)",
				);
				GCC_WARN_64_TO_32_BIT_CONVERSION = YES;
				GCC_WARN_ABOUT_RETURN_TYPE = YES_ERROR;
				GCC_WARN_UNDECLARED_SELECTOR = YES;
				GCC_WARN_UNINITIALIZED_AUTOS = YES_AGGRESSIVE;
				GCC_WARN_UNUSED_FUNCTION = YES;
				GCC_WARN_UNUSED_VARIABLE = YES;
				IPHONEOS_DEPLOYMENT_TARGET = 18.2;
				LOCALIZATION_PREFERS_STRING_CATALOGS = YES;
				MTL_ENABLE_DEBUG_INFO = INCLUDE_SOURCE;
				MTL_FAST_MATH = YES;
				ONLY_ACTIVE_ARCH = YES;
				SDKROOT = iphoneos;
				SWIFT_ACTIVE_COMPILATION_CONDITIONS = "DEBUG $(inherited)";
				SWIFT_OPTIMIZATION_LEVEL = "-Onone";
			};
			name = Debug;
		};
		AD1436BA2D9C55A800A13929 /* Release */ = {
			isa = XCBuildConfiguration;
			buildSettings = {
				ALWAYS_SEARCH_USER_PATHS = NO;
				ASSETCATALOG_COMPILER_GENERATE_SWIFT_ASSET_SYMBOL_EXTENSIONS = YES;
				CLANG_ANALYZER_NONNULL = YES;
				CLANG_ANALYZER_NUMBER_OBJECT_CONVERSION = YES_AGGRESSIVE;
				CLANG_CXX_LANGUAGE_STANDARD = "gnu++20";
				CLANG_ENABLE_MODULES = YES;
				CLANG_ENABLE_OBJC_ARC = YES;
				CLANG_ENABLE_OBJC_WEAK = YES;
				CLANG_WARN_BLOCK_CAPTURE_AUTORELEASING = YES;
				CLANG_WARN_BOOL_CONVERSION = YES;
				CLANG_WARN_COMMA = YES;
				CLANG_WARN_CONSTANT_CONVERSION = YES;
				CLANG_WARN_DEPRECATED_OBJC_IMPLEMENTATIONS = YES;
				CLANG_WARN_DIRECT_OBJC_ISA_USAGE = YES_ERROR;
				CLANG_WARN_DOCUMENTATION_COMMENTS = YES;
				CLANG_WARN_EMPTY_BODY = YES;
				CLANG_WARN_ENUM_CONVERSION = YES;
				CLANG_WARN_INFINITE_RECURSION = YES;
				CLANG_WARN_INT_CONVERSION = YES;
				CLANG_WARN_NON_LITERAL_NULL_CONVERSION = YES;
				CLANG_WARN_OBJC_IMPLICIT_RETAIN_SELF = YES;
				CLANG_WARN_OBJC_LITERAL_CONVERSION = YES;
				CLANG_WARN_OBJC_ROOT_CLASS = YES_ERROR;
				CLANG_WARN_QUOTED_INCLUDE_IN_FRAMEWORK_HEADER = YES;
				CLANG_WARN_RANGE_LOOP_ANALYSIS = YES;
				CLANG_WARN_STRICT_PROTOTYPES = YES;
				CLANG_WARN_SUSPICIOUS_MOVE = YES;
				CLANG_WARN_UNGUARDED_AVAILABILITY = YES_AGGRESSIVE;
				CLANG_WARN_UNREACHABLE_CODE = YES;
				CLANG_WARN__DUPLICATE_METHOD_MATCH = YES;
				COPY_PHASE_STRIP = NO;
				DEBUG_INFORMATION_FORMAT = "dwarf-with-dsym";
				DEVELOPMENT_TEAM = HAC7HSBS8D;
				ENABLE_NS_ASSERTIONS = NO;
				ENABLE_STRICT_OBJC_MSGSEND = YES;
				ENABLE_USER_SCRIPT_SANDBOXING = YES;
				GCC_C_LANGUAGE_STANDARD = gnu17;
				GCC_NO_COMMON_BLOCKS = YES;
				GCC_WARN_64_TO_32_BIT_CONVERSION = YES;
				GCC_WARN_ABOUT_RETURN_TYPE = YES_ERROR;
				GCC_WARN_UNDECLARED_SELECTOR = YES;
				GCC_WARN_UNINITIALIZED_AUTOS = YES_AGGRESSIVE;
				GCC_WARN_UNUSED_FUNCTION = YES;
				GCC_WARN_UNUSED_VARIABLE = YES;
				IPHONEOS_DEPLOYMENT_TARGET = 18.2;
				LOCALIZATION_PREFERS_STRING_CATALOGS = YES;
				MTL_ENABLE_DEBUG_INFO = NO;
				MTL_FAST_MATH = YES;
				SDKROOT = iphoneos;
				SWIFT_COMPILATION_MODE = wholemodule;
				VALIDATE_PRODUCT = YES;
			};
			name = Release;
		};
		AD1436BC2D9C55A800A13929 /* Debug */ = {
			isa = XCBuildConfiguration;
			buildSettings = {
				ASSETCATALOG_COMPILER_APPICON_NAME = AppIcon;
				ASSETCATALOG_COMPILER_GLOBAL_ACCENT_COLOR_NAME = AccentColor;
				ASSETCATALOG_COMPILER_INCLUDE_ALL_APPICON_ASSETS = NO;
				CODE_SIGN_STYLE = Automatic;
				CURRENT_PROJECT_VERSION = 1;
				DEVELOPMENT_ASSET_PATHS = "\"SuccessSync/Preview Content\"";
				ENABLE_PREVIEWS = YES;
				GENERATE_INFOPLIST_FILE = YES;
				INFOPLIST_FILE = SuccessSync/Info.plist;
				INFOPLIST_KEY_CFBundleDisplayName = SuccessSync;
				INFOPLIST_KEY_LSApplicationCategoryType = "public.app-category.lifestyle";
				INFOPLIST_KEY_NSPhotoLibraryUsageDescription = "SuccessSync needs to access your photo library in order to associate an image with your dreams.";
				INFOPLIST_KEY_UIApplicationSceneManifest_Generation = YES;
				INFOPLIST_KEY_UIApplicationSupportsIndirectInputEvents = YES;
				INFOPLIST_KEY_UILaunchStoryboardName = "Launch Screen";
				INFOPLIST_KEY_UISupportedInterfaceOrientations = UIInterfaceOrientationPortrait;
				INFOPLIST_KEY_UISupportedInterfaceOrientations_iPad = "UIInterfaceOrientationPortrait UIInterfaceOrientationPortraitUpsideDown";
				IPHONEOS_DEPLOYMENT_TARGET = 17.0;
				LD_RUNPATH_SEARCH_PATHS = (
					"$(inherited)",
					"@executable_path/Frameworks",
				);
				MARKETING_VERSION = 1.2.0;
				PRODUCT_BUNDLE_IDENTIFIER = dev.aleckdh.SuccessSync;
				PRODUCT_NAME = "$(TARGET_NAME)";
				SUPPORTED_PLATFORMS = "iphoneos iphonesimulator";
				SUPPORTS_MACCATALYST = NO;
				SUPPORTS_MAC_DESIGNED_FOR_IPHONE_IPAD = NO;
				SUPPORTS_XR_DESIGNED_FOR_IPHONE_IPAD = NO;
				SWIFT_EMIT_LOC_STRINGS = YES;
				SWIFT_VERSION = 5.0;
				TARGETED_DEVICE_FAMILY = 1;
			};
			name = Debug;
		};
		AD1436BD2D9C55A800A13929 /* Release */ = {
			isa = XCBuildConfiguration;
			buildSettings = {
				ASSETCATALOG_COMPILER_APPICON_NAME = AppIcon;
				ASSETCATALOG_COMPILER_GLOBAL_ACCENT_COLOR_NAME = AccentColor;
				ASSETCATALOG_COMPILER_INCLUDE_ALL_APPICON_ASSETS = NO;
				CODE_SIGN_STYLE = Automatic;
				CURRENT_PROJECT_VERSION = 1;
				DEVELOPMENT_ASSET_PATHS = "\"SuccessSync/Preview Content\"";
				ENABLE_PREVIEWS = YES;
				GENERATE_INFOPLIST_FILE = YES;
				INFOPLIST_FILE = SuccessSync/Info.plist;
				INFOPLIST_KEY_CFBundleDisplayName = SuccessSync;
				INFOPLIST_KEY_LSApplicationCategoryType = "public.app-category.lifestyle";
				INFOPLIST_KEY_NSPhotoLibraryUsageDescription = "SuccessSync needs to access your photo library in order to associate an image with your dreams.";
				INFOPLIST_KEY_UIApplicationSceneManifest_Generation = YES;
				INFOPLIST_KEY_UIApplicationSupportsIndirectInputEvents = YES;
				INFOPLIST_KEY_UILaunchStoryboardName = "Launch Screen";
				INFOPLIST_KEY_UISupportedInterfaceOrientations = UIInterfaceOrientationPortrait;
				INFOPLIST_KEY_UISupportedInterfaceOrientations_iPad = "UIInterfaceOrientationPortrait UIInterfaceOrientationPortraitUpsideDown";
				IPHONEOS_DEPLOYMENT_TARGET = 17.0;
				LD_RUNPATH_SEARCH_PATHS = (
					"$(inherited)",
					"@executable_path/Frameworks",
				);
				MARKETING_VERSION = 1.2.0;
				PRODUCT_BUNDLE_IDENTIFIER = dev.aleckdh.SuccessSync;
				PRODUCT_NAME = "$(TARGET_NAME)";
				SUPPORTED_PLATFORMS = "iphoneos iphonesimulator";
				SUPPORTS_MACCATALYST = NO;
				SUPPORTS_MAC_DESIGNED_FOR_IPHONE_IPAD = NO;
				SUPPORTS_XR_DESIGNED_FOR_IPHONE_IPAD = NO;
				SWIFT_EMIT_LOC_STRINGS = YES;
				SWIFT_VERSION = 5.0;
				TARGETED_DEVICE_FAMILY = 1;
			};
			name = Release;
		};
/* End XCBuildConfiguration section */

/* Begin XCConfigurationList section */
		AD1436A82D9C55A600A13929 /* Build configuration list for PBXProject "SuccessSync" */ = {
			isa = XCConfigurationList;
			buildConfigurations = (
				AD1436B92D9C55A800A13929 /* Debug */,
				AD1436BA2D9C55A800A13929 /* Release */,
			);
			defaultConfigurationIsVisible = 0;
			defaultConfigurationName = Release;
		};
		AD1436BB2D9C55A800A13929 /* Build configuration list for PBXNativeTarget "SuccessSync" */ = {
			isa = XCConfigurationList;
			buildConfigurations = (
				AD1436BC2D9C55A800A13929 /* Debug */,
				AD1436BD2D9C55A800A13929 /* Release */,
			);
			defaultConfigurationIsVisible = 0;
			defaultConfigurationName = Release;
		};
/* End XCConfigurationList section */

/* Begin XCRemoteSwiftPackageReference section */
		ADA55C1A2DAB75BC0034E5C2 /* XCRemoteSwiftPackageReference "lottie-spm" */ = {
			isa = XCRemoteSwiftPackageReference;
			repositoryURL = "https://github.com/airbnb/lottie-spm";
			requirement = {
				kind = upToNextMajorVersion;
				minimumVersion = 4.5.1;
			};
		};
		D09A7BBA2DC3BB6500A4FE46 /* XCRemoteSwiftPackageReference "swift-package-manager-google-mobile-ads" */ = {
			isa = XCRemoteSwiftPackageReference;
			repositoryURL = "https://github.com/googleads/swift-package-manager-google-mobile-ads.git";
			requirement = {
				kind = upToNextMajorVersion;
				minimumVersion = 12.3.0;
			};
		};
/* End XCRemoteSwiftPackageReference section */

/* Begin XCSwiftPackageProductDependency section */
		ADA55C1B2DAB75BC0034E5C2 /* Lottie */ = {
			isa = XCSwiftPackageProductDependency;
			package = ADA55C1A2DAB75BC0034E5C2 /* XCRemoteSwiftPackageReference "lottie-spm" */;
			productName = Lottie;
		};
		D09A7BBB2DC3BB6500A4FE46 /* GoogleMobileAds */ = {
			isa = XCSwiftPackageProductDependency;
			package = D09A7BBA2DC3BB6500A4FE46 /* XCRemoteSwiftPackageReference "swift-package-manager-google-mobile-ads" */;
			productName = GoogleMobileAds;
		};
/* End XCSwiftPackageProductDependency section */
	};
	rootObject = AD1436A52D9C55A600A13929 /* Project object */;
}
